
Microsoft Visual Studio Solution File, Format Version 12.00
# Visual Studio Version 17
VisualStudioVersion = 17.9.34622.214
MinimumVisualStudioVersion = 10.0.40219.1
Project("{F184B08F-C81C-45F6-A57F-5ABD9991F28F}") = "Enrollment System - Assessment", "Enrollment System - Assessment\Enrollment System - Assessment.vbproj", "{C6314E7B-7316-440C-A616-62CCEA139E3D}"
EndProject
Global
	GlobalSection(SolutionConfigurationPlatforms) = preSolution
		Debug|Any CPU = Debug|Any CPU
		Release|Any CPU = Release|Any CPU
	EndGlobalSection
	GlobalSection(ProjectConfigurationPlatforms) = postSolution
		{C6314E7B-7316-440C-A616-62CCEA139E3D}.Debug|Any CPU.ActiveCfg = Debug|Any CPU
		{C6314E7B-7316-440C-A616-62CCEA139E3D}.Debug|Any CPU.Build.0 = Debug|Any CPU
		{C6314E7B-7316-440C-A616-62CCEA139E3D}.Release|Any CPU.ActiveCfg = Release|Any CPU
		{C6314E7B-7316-440C-A616-62CCEA139E3D}.Release|Any CPU.Build.0 = Release|Any CPU
	EndGlobalSection
	GlobalSection(SolutionProperties) = preSolution
		HideSolutionNode = FALSE
	EndGlobalSection
	GlobalSection(ExtensibilityGlobals) = postSolution
		SolutionGuid = {8366EC67-00BB-4A6B-9825-0D5C578AFE4D}
	EndGlobalSection
EndGlobal
